{
    "name": "svg-marbles",
    "version": "1.0.0",
    "lockfileVersion": 3,
    "requires": true,
    "packages": {
        "": {
            "version": "1.0.0",
            "license": "Apache-2.0",
            "dependencies": {
                "svg.js": "2.6.5"
            },
            "devDependencies": {
                "puppeteer": "1.13.0",
                "shelljs": "0.8.5"
            }
        },
        "node_modules/agent-base": {
            "version": "4.3.0",
            "resolved": "https://registry.npmjs.org/agent-base/-/agent-base-4.3.0.tgz",
            "integrity": "sha512-salcGninV0nPrwpGNn4VTXBb1SOuXQBiqbrNXoeizJsHrsL6ERFM2Ne3JUSBWRE6aeNJI2ROP/WEEIDUiDe3cg==",
            "dev": true,
            "dependencies": {
                "es6-promisify": "^5.0.0"
            },
            "engines": {
                "node": ">= 4.0.0"
            }
        },
        "node_modules/async-limiter": {
            "version": "1.0.1",
            "resolved": "https://registry.npmjs.org/async-limiter/-/async-limiter-1.0.1.tgz",
            "integrity": "sha512-csOlWGAcRFJaI6m+F2WKdnMKr4HhdhFVBk0H/QbJFMCr+uO2kwohwXQPxw/9OCxp05r5ghVBFSyioixx3gfkNQ==",
            "dev": true
        },
        "node_modules/balanced-match": {
            "version": "1.0.0",
            "resolved": "https://registry.npmjs.org/balanced-match/-/balanced-match-1.0.0.tgz",
            "integrity": "sha1-ibTRmasr7kneFk6gK4nORi1xt2c=",
            "dev": true
        },
        "node_modules/brace-expansion": {
            "version": "1.1.11",
            "resolved": "https://registry.npmjs.org/brace-expansion/-/brace-expansion-1.1.11.tgz",
            "integrity": "sha1-PH/L9SnYcibz0vUrlm/1Jx60Qd0=",
            "dev": true,
            "dependencies": {
                "balanced-match": "^1.0.0",
                "concat-map": "0.0.1"
            }
        },
        "node_modules/buffer-crc32": {
            "version": "0.2.13",
            "resolved": "https://registry.npmjs.org/buffer-crc32/-/buffer-crc32-0.2.13.tgz",
            "integrity": "sha1-DTM+PwDqxQqhRUq9MO+MKl2ackI=",
            "dev": true,
            "engines": {
                "node": "*"
            }
        },
        "node_modules/buffer-from": {
            "version": "1.1.1",
            "resolved": "https://registry.npmjs.org/buffer-from/-/buffer-from-1.1.1.tgz",
            "integrity": "sha1-MnE7wCj3XAL9txDXx7zsHyxgcO8=",
            "dev": true
        },
        "node_modules/concat-map": {
            "version": "0.0.1",
            "resolved": "https://registry.npmjs.org/concat-map/-/concat-map-0.0.1.tgz",
            "integrity": "sha1-2Klr13/Wjfd5OnMDajug1UBdR3s=",
            "dev": true
        },
        "node_modules/concat-stream": {
            "version": "1.6.2",
            "resolved": "https://registry.npmjs.org/concat-stream/-/concat-stream-1.6.2.tgz",
            "integrity": "sha1-kEvfGUzTEi/Gdcd/xKw9T/D9GjQ=",
            "dev": true,
            "engines": [
                "node >= 0.8"
            ],
            "dependencies": {
                "buffer-from": "^1.0.0",
                "inherits": "^2.0.3",
                "readable-stream": "^2.2.2",
                "typedarray": "^0.0.6"
            }
        },
        "node_modules/core-util-is": {
            "version": "1.0.2",
            "resolved": "https://registry.npmjs.org/core-util-is/-/core-util-is-1.0.2.tgz",
            "integrity": "sha1-tf1UIgqivFq1eqtxQMlAdUUDwac=",
            "dev": true
        },
        "node_modules/debug": {
            "version": "4.1.1",
            "resolved": "https://registry.npmjs.org/debug/-/debug-4.1.1.tgz",
            "integrity": "sha512-pYAIzeRo8J6KPEaJ0VWOh5Pzkbw/RetuzehGM7QRRX5he4fPHx2rdKMB256ehJCkX+XRQm16eZLqLNS8RSZXZw==",
            "deprecated": "Debug versions >=3.2.0 <3.2.7 || >=4 <4.3.1 have a low-severity ReDos regression when used in a Node.js environment. It is recommended you upgrade to 3.2.7 or 4.3.1. (https://github.com/visionmedia/debug/issues/797)",
            "dev": true,
            "dependencies": {
                "ms": "^2.1.1"
            }
        },
        "node_modules/es6-promise": {
            "version": "4.2.8",
            "resolved": "https://registry.npmjs.org/es6-promise/-/es6-promise-4.2.8.tgz",
            "integrity": "sha512-HJDGx5daxeIvxdBxvG2cb9g4tEvwIk3i8+nhX0yGrYmZUzbkdg8QbDevheDB8gd0//uPj4c1EQua8Q+MViT0/w==",
            "dev": true
        },
        "node_modules/es6-promisify": {
            "version": "5.0.0",
            "resolved": "https://registry.npmjs.org/es6-promisify/-/es6-promisify-5.0.0.tgz",
            "integrity": "sha1-UQnWLz5W6pZ8S2NQWu8IKRyKUgM=",
            "dev": true,
            "dependencies": {
                "es6-promise": "^4.0.3"
            }
        },
        "node_modules/extract-zip": {
            "version": "1.7.0",
            "resolved": "https://registry.npmjs.org/extract-zip/-/extract-zip-1.7.0.tgz",
            "integrity": "sha512-xoh5G1W/PB0/27lXgMQyIhP5DSY/LhoCsOyZgb+6iMmRtCwVBo55uKaMoEYrDCKQhWvqEip5ZPKAc6eFNyf/MA==",
            "dev": true,
            "dependencies": {
                "concat-stream": "^1.6.2",
                "debug": "^2.6.9",
                "mkdirp": "^0.5.4",
                "yauzl": "^2.10.0"
            },
            "bin": {
                "extract-zip": "cli.js"
            }
        },
        "node_modules/extract-zip/node_modules/debug": {
            "version": "2.6.9",
            "resolved": "https://registry.npmjs.org/debug/-/debug-2.6.9.tgz",
            "integrity": "sha512-bC7ElrdJaJnPbAP+1EotYvqZsb3ecl5wi6Bfi6BJTUcNowp6cvspg0jXznRTKDjm/E7AdgFBVeAPVMNcKGsHMA==",
            "dev": true,
            "dependencies": {
                "ms": "2.0.0"
            }
        },
        "node_modules/extract-zip/node_modules/ms": {
            "version": "2.0.0",
            "resolved": "https://registry.npmjs.org/ms/-/ms-2.0.0.tgz",
            "integrity": "sha1-VgiurfwAvmwpAd9fmGF4jeDVl8g=",
            "dev": true
        },
        "node_modules/fd-slicer": {
            "version": "1.1.0",
            "resolved": "https://registry.npmjs.org/fd-slicer/-/fd-slicer-1.1.0.tgz",
            "integrity": "sha1-JcfInLH5B3+IkbvmHY85Dq4lbx4=",
            "dev": true,
            "dependencies": {
                "pend": "~1.2.0"
            }
        },
        "node_modules/fs.realpath": {
            "version": "1.0.0",
            "resolved": "https://registry.npmjs.org/fs.realpath/-/fs.realpath-1.0.0.tgz",
            "integrity": "sha1-FQStJSMVjKpA20onh8sBQRmU6k8=",
            "dev": true
        },
        "node_modules/function-bind": {
            "version": "1.1.1",
            "resolved": "https://registry.npmjs.org/function-bind/-/function-bind-1.1.1.tgz",
            "integrity": "sha512-yIovAzMX49sF8Yl58fSCWJ5svSLuaibPxXQJFLmBObTuCr0Mf1KiPopGM9NiFjiYBCbfaa2Fh6breQ6ANVTI0A==",
            "dev": true
        },
        "node_modules/glob": {
            "version": "7.2.0",
            "resolved": "https://registry.npmjs.org/glob/-/glob-7.2.0.tgz",
            "integrity": "sha512-lmLf6gtyrPq8tTjSmrO94wBeQbFR3HbLHbuyD69wuyQkImp2hWqMGB47OX65FBkPffO641IP9jWa1z4ivqG26Q==",
            "deprecated": "Old versions of glob are not supported, and contain widely publicized security vulnerabilities, which have been fixed in the current version. Please update. Support for old versions may be purchased (at exorbitant rates) by contacting i@izs.me",
            "dev": true,
            "dependencies": {
                "fs.realpath": "^1.0.0",
                "inflight": "^1.0.4",
                "inherits": "2",
                "minimatch": "^3.0.4",
                "once": "^1.3.0",
                "path-is-absolute": "^1.0.0"
            },
            "engines": {
                "node": "*"
            },
            "funding": {
                "url": "https://github.com/sponsors/isaacs"
            }
        },
        "node_modules/has": {
            "version": "1.0.3",
            "resolved": "https://registry.npmjs.org/has/-/has-1.0.3.tgz",
            "integrity": "sha512-f2dvO0VU6Oej7RkWJGrehjbzMAjFp5/VKPp5tTpWIV4JHHZK1/BxbFRtf/siA2SWTe09caDmVtYYzWEIbBS4zw==",
            "dev": true,
            "dependencies": {
                "function-bind": "^1.1.1"
            },
            "engines": {
                "node": ">= 0.4.0"
            }
        },
        "node_modules/https-proxy-agent": {
            "version": "2.2.4",
            "resolved": "https://registry.npmjs.org/https-proxy-agent/-/https-proxy-agent-2.2.4.tgz",
            "integrity": "sha512-OmvfoQ53WLjtA9HeYP9RNrWMJzzAz1JGaSFr1nijg0PVR1JaD/xbJq1mdEIIlxGpXp9eSe/O2LgU9DJmTPd0Eg==",
            "dev": true,
            "dependencies": {
                "agent-base": "^4.3.0",
                "debug": "^3.1.0"
            },
            "engines": {
                "node": ">= 4.5.0"
            }
        },
        "node_modules/https-proxy-agent/node_modules/debug": {
            "version": "3.2.6",
            "resolved": "https://registry.npmjs.org/debug/-/debug-3.2.6.tgz",
            "integrity": "sha512-mel+jf7nrtEl5Pn1Qx46zARXKDpBbvzezse7p7LqINmdoIk8PYP5SySaxEmYv6TZ0JyEKA1hsCId6DIhgITtWQ==",
            "deprecated": "Debug versions >=3.2.0 <3.2.7 || >=4 <4.3.1 have a low-severity ReDos regression when used in a Node.js environment. It is recommended you upgrade to 3.2.7 or 4.3.1. (https://github.com/visionmedia/debug/issues/797)",
            "dev": true,
            "dependencies": {
                "ms": "^2.1.1"
            }
        },
        "node_modules/inflight": {
            "version": "1.0.6",
            "resolved": "https://registry.npmjs.org/inflight/-/inflight-1.0.6.tgz",
            "integrity": "sha1-Sb1jMdfQLQwJvJEKEHW6gWW1bfk=",
            "deprecated": "This module is not supported, and leaks memory. Do not use it. Check out lru-cache if you want a good and tested way to coalesce async requests by a key value, which is much more comprehensive and powerful.",
            "dev": true,
            "dependencies": {
                "once": "^1.3.0",
                "wrappy": "1"
            }
        },
        "node_modules/inherits": {
            "version": "2.0.3",
            "resolved": "https://registry.npmjs.org/inherits/-/inherits-2.0.3.tgz",
            "integrity": "sha1-Yzwsg+PaQqUC9SRmAiSA9CCCYd4=",
            "dev": true
        },
        "node_modules/interpret": {
            "version": "1.4.0",
            "resolved": "https://registry.npmjs.org/interpret/-/interpret-1.4.0.tgz",
            "integrity": "sha512-agE4QfB2Lkp9uICn7BAqoscw4SZP9kTE2hxiFI3jBPmXJfdqiahTbUuKGsMoN2GtqL9AxhYioAcVvgsb1HvRbA==",
            "dev": true,
            "engines": {
                "node": ">= 0.10"
            }
        },
        "node_modules/is-core-module": {
            "version": "2.8.1",
            "resolved": "https://registry.npmjs.org/is-core-module/-/is-core-module-2.8.1.tgz",
            "integrity": "sha512-SdNCUs284hr40hFTFP6l0IfZ/RSrMXF3qgoRHd3/79unUTvrFO/JoXwkGm+5J/Oe3E/b5GsnG330uUNgRpu1PA==",
            "dev": true,
            "dependencies": {
                "has": "^1.0.3"
            },
            "funding": {
                "url": "https://github.com/sponsors/ljharb"
            }
        },
        "node_modules/isarray": {
            "version": "1.0.0",
            "resolved": "https://registry.npmjs.org/isarray/-/isarray-1.0.0.tgz",
            "integrity": "sha1-u5NdSFgsuhaMBoNJV6VKPgcSTxE=",
            "dev": true
        },
        "node_modules/mime": {
            "version": "2.4.6",
            "resolved": "https://registry.npmjs.org/mime/-/mime-2.4.6.tgz",
            "integrity": "sha512-RZKhC3EmpBchfTGBVb8fb+RL2cWyw/32lshnsETttkBAyAUXSGHxbEJWWRXc751DrIxG1q04b8QwMbAwkRPpUA==",
            "dev": true,
            "bin": {
                "mime": "cli.js"
            },
            "engines": {
                "node": ">=4.0.0"
            }
        },
        "node_modules/minimatch": {
            "version": "3.1.5",
            "resolved": "https://registry.npmjs.org/minimatch/-/minimatch-3.1.5.tgz",
            "integrity": "sha512-VgjWUsnnT6n+NUk6eZq77zeFdpW2LWDzP6zFGrCbHXiYNul5Dzqk2HHQ5uFH2DNW5Xbp8+jVzaeNt94ssEEl4w==",
            "dev": true,
            "license": "ISC",
            "dependencies": {
                "brace-expansion": "^1.1.7"
            },
            "engines": {
                "node": "*"
            }
        },
        "node_modules/minimist": {
            "version": "1.2.5",
            "resolved": "https://registry.npmjs.org/minimist/-/minimist-1.2.5.tgz",
            "integrity": "sha512-FM9nNUYrRBAELZQT3xeZQ7fmMOBg6nWNmJKTcgsJeaLstP/UODVpGsr5OhXhhXg6f+qtJ8uiZ+PUxkDWcgIXLw==",
            "dev": true
        },
        "node_modules/mkdirp": {
            "version": "0.5.5",
            "resolved": "https://registry.npmjs.org/mkdirp/-/mkdirp-0.5.5.tgz",
            "integrity": "sha512-NKmAlESf6jMGym1++R0Ra7wvhV+wFW63FaSOFPwRahvea0gMUcGUhVeAg/0BC0wiv9ih5NYPB1Wn1UEI1/L+xQ==",
            "dev": true,
            "dependencies": {
                "minimist": "^1.2.5"
            },
            "bin": {
                "mkdirp": "bin/cmd.js"
            }
        },
        "node_modules/ms": {
            "version": "2.1.2",
            "resolved": "https://registry.npmjs.org/ms/-/ms-2.1.2.tgz",
            "integrity": "sha512-sGkPx+VjMtmA6MX27oA4FBFELFCZZ4S4XqeGOXCv68tT+jb3vk/RyaKWP0PTKyWtmLSM0b+adUTEvbs1PEaH2w==",
            "dev": true
        },
        "node_modules/once": {
            "version": "1.4.0",
            "resolved": "https://registry.npmjs.org/once/-/once-1.4.0.tgz",
            "integrity": "sha1-WDsap3WWHUsROsF9nFC6753Xa9E=",
            "dev": true,
            "dependencies": {
                "wrappy": "1"
            }
        },
        "node_modules/path-is-absolute": {
            "version": "1.0.1",
            "resolved": "https://registry.npmjs.org/path-is-absolute/-/path-is-absolute-1.0.1.tgz",
            "integrity": "sha1-F0uSaHNVNP+8es5r9TpanhtcX18=",
            "dev": true,
            "engines": {
                "node": ">=0.10.0"
            }
        },
        "node_modules/path-parse": {
            "version": "1.0.7",
            "resolved": "https://registry.npmjs.org/path-parse/-/path-parse-1.0.7.tgz",
            "integrity": "sha512-LDJzPVEEEPR+y48z93A0Ed0yXb8pAByGWo/k5YYdYgpY2/2EsOsksJrq7lOHxryrVOn1ejG6oAp8ahvOIQD8sw==",
            "dev": true
        },
        "node_modules/pend": {
            "version": "1.2.0",
            "resolved": "https://registry.npmjs.org/pend/-/pend-1.2.0.tgz",
            "integrity": "sha1-elfrVQpng/kRUzH89GY9XI4AelA=",
            "dev": true
        },
        "node_modules/process-nextick-args": {
            "version": "2.0.1",
            "resolved": "https://registry.npmjs.org/process-nextick-args/-/process-nextick-args-2.0.1.tgz",
            "integrity": "sha512-3ouUOpQhtgrbOa17J7+uxOTpITYWaGP7/AhoR3+A+/1e9skrzelGi/dXzEYyvbxubEF6Wn2ypscTKiKJFFn1ag==",
            "dev": true
        },
        "node_modules/progress": {
            "version": "2.0.3",
            "resolved": "https://registry.npmjs.org/progress/-/progress-2.0.3.tgz",
            "integrity": "sha512-7PiHtLll5LdnKIMw100I+8xJXR5gW2QwWYkT6iJva0bXitZKa/XMrSbdmg3r2Xnaidz9Qumd0VPaMrZlF9V9sA==",
            "dev": true,
            "engines": {
                "node": ">=0.4.0"
            }
        },
        "node_modules/proxy-from-env": {
            "version": "1.1.0",
            "resolved": "https://registry.npmjs.org/proxy-from-env/-/proxy-from-env-1.1.0.tgz",
            "integrity": "sha512-D+zkORCbA9f1tdWRK0RaCR3GPv50cMxcrz4X8k5LTSUD1Dkw47mKJEZQNunItRTkWwgtaUSo1RVFRIG9ZXiFYg==",
            "dev": true
        },
        "node_modules/puppeteer": {
            "version": "1.13.0",
            "resolved": "https://registry.npmjs.org/puppeteer/-/puppeteer-1.13.0.tgz",
            "integrity": "sha512-LUXgvhjfB/P6IOUDAKxOcbCz9ISwBLL9UpKghYrcBDwrOGx1m60y0iN2M64mdAUbT4+7oZM5DTxOW7equa2fxQ==",
            "deprecated": "< 24.15.0 is no longer supported",
            "dev": true,
            "hasInstallScript": true,
            "dependencies": {
                "debug": "^4.1.0",
                "extract-zip": "^1.6.6",
                "https-proxy-agent": "^2.2.1",
                "mime": "^2.0.3",
                "progress": "^2.0.1",
                "proxy-from-env": "^1.0.0",
                "rimraf": "^2.6.1",
                "ws": "^6.1.0"
            },
            "engines": {
                "node": ">=6.4.0"
            }
        },
        "node_modules/readable-stream": {
            "version": "2.3.7",
            "resolved": "https://registry.npmjs.org/readable-stream/-/readable-stream-2.3.7.tgz",
            "integrity": "sha512-Ebho8K4jIbHAxnuxi7o42OrZgF/ZTNcsZj6nRKyUmkhLFq8CHItp/fy6hQZuZmP/n3yZ9VBUbp4zz/mX8hmYPw==",
            "dev": true,
            "dependencies": {
                "core-util-is": "~1.0.0",
                "inherits": "~2.0.3",
                "isarray": "~1.0.0",
                "process-nextick-args": "~2.0.0",
                "safe-buffer": "~5.1.1",
                "string_decoder": "~1.1.1",
                "util-deprecate": "~1.0.1"
            }
        },
        "node_modules/rechoir": {
            "version": "0.6.2",
            "resolved": "https://registry.npmjs.org/rechoir/-/rechoir-0.6.2.tgz",
            "integrity": "sha1-hSBLVNuoLVdC4oyWdW70OvUOM4Q=",
            "dev": true,
            "dependencies": {
                "resolve": "^1.1.6"
            },
            "engines": {
                "node": ">= 0.10"
            }
        },
        "node_modules/resolve": {
            "version": "1.21.0",
            "resolved": "https://registry.npmjs.org/resolve/-/resolve-1.21.0.tgz",
            "integrity": "sha512-3wCbTpk5WJlyE4mSOtDLhqQmGFi0/TD9VPwmiolnk8U0wRgMEktqCXd3vy5buTO3tljvalNvKrjHEfrd2WpEKA==",
            "dev": true,
            "dependencies": {
                "is-core-module": "^2.8.0",
                "path-parse": "^1.0.7",
                "supports-preserve-symlinks-flag": "^1.0.0"
            },
            "bin": {
                "resolve": "bin/resolve"
            },
            "funding": {
                "url": "https://github.com/sponsors/ljharb"
            }
        },
        "node_modules/rimraf": {
            "version": "2.7.1",
            "resolved": "https://registry.npmjs.org/rimraf/-/rimraf-2.7.1.tgz",
            "integrity": "sha512-uWjbaKIK3T1OSVptzX7Nl6PvQ3qAGtKEtVRjRuazjfL3Bx5eI409VZSqgND+4UNnmzLVdPj9FqFJNPqBZFve4w==",
            "deprecated": "Rimraf versions prior to v4 are no longer supported",
            "dev": true,
            "dependencies": {
                "glob": "^7.1.3"
            },
            "bin": {
                "rimraf": "bin.js"
            }
        },
        "node_modules/safe-buffer": {
            "version": "5.1.2",
            "resolved": "https://registry.npmjs.org/safe-buffer/-/safe-buffer-5.1.2.tgz",
            "integrity": "sha1-mR7GnSluAxN0fVm9/St0XDX4go0=",
            "dev": true
        },
        "node_modules/shelljs": {
            "version": "0.8.5",
            "resolved": "https://registry.npmjs.org/shelljs/-/shelljs-0.8.5.tgz",
            "integrity": "sha512-TiwcRcrkhHvbrZbnRcFYMLl30Dfov3HKqzp5tO5b4pt6G/SezKcYhmDg15zXVBswHmctSAQKznqNW2LO5tTDow==",
            "dev": true,
            "dependencies": {
                "glob": "^7.0.0",
                "interpret": "^1.0.0",
                "rechoir": "^0.6.2"
            },
            "bin": {
                "shjs": "bin/shjs"
            },
            "engines": {
                "node": ">=4"
            }
        },
        "node_modules/string_decoder": {
            "version": "1.1.1",
            "resolved": "https://registry.npmjs.org/string_decoder/-/string_decoder-1.1.1.tgz",
            "integrity": "sha1-nPFhG6YmhdcDCunkujQUnDrwP8g=",
            "dev": true,
            "dependencies": {
                "safe-buffer": "~5.1.0"
            }
        },
        "node_modules/supports-preserve-symlinks-flag": {
            "version": "1.0.0",
            "resolved": "https://registry.npmjs.org/supports-preserve-symlinks-flag/-/supports-preserve-symlinks-flag-1.0.0.tgz",
            "integrity": "sha512-ot0WnXS9fgdkgIcePe6RHNk1WA8+muPa6cSjeR3V8K27q9BB1rTE3R1p7Hv0z1ZyAc8s6Vvv8DIyWf681MAt0w==",
            "dev": true,
            "engines": {
                "node": ">= 0.4"
            },
            "funding": {
                "url": "https://github.com/sponsors/ljharb"
            }
        },
        "node_modules/svg.js": {
            "version": "2.6.5",
            "resolved": "https://registry.npmjs.org/svg.js/-/svg.js-2.6.5.tgz",
            "integrity": "sha1-W5PQyMEeK3CBLvneFWKqkZdcw7Y="
        },
        "node_modules/typedarray": {
            "version": "0.0.6",
            "resolved": "https://registry.npmjs.org/typedarray/-/typedarray-0.0.6.tgz",
            "integrity": "sha1-hnrHTjhkGHsdPUfZlqeOxciDB3c=",
            "dev": true
        },
        "node_modules/util-deprecate": {
            "version": "1.0.2",
            "resolved": "https://registry.npmjs.org/util-deprecate/-/util-deprecate-1.0.2.tgz",
            "integrity": "sha1-RQ1Nyfpw3nMnYvvS1KKJgUGaDM8=",
            "dev": true
        },
        "node_modules/wrappy": {
            "version": "1.0.2",
            "resolved": "https://registry.npmjs.org/wrappy/-/wrappy-1.0.2.tgz",
            "integrity": "sha1-tSQ9jz7BqjXxNkYFvA0QNuMKtp8=",
            "dev": true
        },
        "node_modules/ws": {
            "version": "6.2.1",
            "resolved": "https://registry.npmjs.org/ws/-/ws-6.2.1.tgz",
            "integrity": "sha512-GIyAXC2cB7LjvpgMt9EKS2ldqr0MTrORaleiOno6TweZ6r3TKtoFQWay/2PceJ3RuBasOHzXNn5Lrw1X0bEjqA==",
            "dev": true,
            "dependencies": {
                "async-limiter": "~1.0.0"
            }
        },
        "node_modules/yauzl": {
            "version": "2.10.0",
            "resolved": "https://registry.npmjs.org/yauzl/-/yauzl-2.10.0.tgz",
            "integrity": "sha1-x+sXyT4RLLEIb6bY5R+wZnt5pfk=",
            "dev": true,
            "dependencies": {
                "buffer-crc32": "~0.2.3",
                "fd-slicer": "~1.1.0"
            }
        }
    }
}
